// !$*UTF8*$!
{
	archiveVersion = 1;
	classes = {
	};
	objectVersion = 51;
	objects = {

/* Begin PBXBuildFile section */
		4B1B7F5361AE635C2C05B853 /* Pods_Insta_X.framework in Frameworks */ = {isa = PBXBuildFile; fileRef = E8EFF497A350F19D7DF9CFB8 /* Pods_Insta_X.framework */; };
		E84D5E11255C5AD900423CBE /* Login.swift in Sources */ = {isa = PBXBuildFile; fileRef = E84D5E10255C5AD900423CBE /* Login.swift */; };
		F70F0A3D257538FC004DCEFE /* CollectionViewCell.swift in Sources */ = {isa = PBXBuildFile; fileRef = F70F0A3B257538FC004DCEFE /* CollectionViewCell.swift */; };
		F70F0A3E257538FC004DCEFE /* CollectionViewCell.xib in Resources */ = {isa = PBXBuildFile; fileRef = F70F0A3C257538FC004DCEFE /* CollectionViewCell.xib */; };
		F748713825595F3200599306 /* AppDelegate.swift in Sources */ = {isa = PBXBuildFile; fileRef = F748713725595F3200599306 /* AppDelegate.swift */; };
		F748713C25595F3200599306 /* ViewController.swift in Sources */ = {isa = PBXBuildFile; fileRef = F748713B25595F3200599306 /* ViewController.swift */; };
		F748714125595F3200599306 /* Assets.xcassets in Resources */ = {isa = PBXBuildFile; fileRef = F748714025595F3200599306 /* Assets.xcassets */; };
		F748714425595F3200599306 /* LaunchScreen.storyboard in Resources */ = {isa = PBXBuildFile; fileRef = F748714225595F3200599306 /* LaunchScreen.storyboard */; };
		F75F6285255C41C200BD0727 /* EnterCode.swift in Sources */ = {isa = PBXBuildFile; fileRef = F75F6284255C41C200BD0727 /* EnterCode.swift */; };
		F774B3362561B39E00E0713B /* extensions.swift in Sources */ = {isa = PBXBuildFile; fileRef = F774B3352561B39E00E0713B /* extensions.swift */; };
		F774B33B2561B73100E0713B /* SignUp.swift in Sources */ = {isa = PBXBuildFile; fileRef = F774B33A2561B73100E0713B /* SignUp.swift */; };
		F774B33E2561BCC300E0713B /* ShowAlertExtensions.swift in Sources */ = {isa = PBXBuildFile; fileRef = F774B33D2561BCC300E0713B /* ShowAlertExtensions.swift */; };
		F779D9E2256AD878000C4A5B /* Networking.swift in Sources */ = {isa = PBXBuildFile; fileRef = F779D9E1256AD878000C4A5B /* Networking.swift */; };
		F779D9E5256BEFDF000C4A5B /* Padding.swift in Sources */ = {isa = PBXBuildFile; fileRef = F779D9E4256BEFDF000C4A5B /* Padding.swift */; };
		F77F2EE525712597007EEBB2 /* TabBar.swift in Sources */ = {isa = PBXBuildFile; fileRef = F77F2EE425712597007EEBB2 /* TabBar.swift */; };
		F79A7D752577C738004F23A9 /* NotificationCell.swift in Sources */ = {isa = PBXBuildFile; fileRef = F79A7D732577C738004F23A9 /* NotificationCell.swift */; };
		F79A7D762577C738004F23A9 /* NotificationCell.xib in Resources */ = {isa = PBXBuildFile; fileRef = F79A7D742577C738004F23A9 /* NotificationCell.xib */; };
		F79A7D7A2577CB0A004F23A9 /* NotificationController.swift in Sources */ = {isa = PBXBuildFile; fileRef = F79A7D782577CB0A004F23A9 /* NotificationController.swift */; };
		F79A7D7B2577CB0A004F23A9 /* NotificationController.xib in Resources */ = {isa = PBXBuildFile; fileRef = F79A7D792577CB0A004F23A9 /* NotificationController.xib */; };
		F79AE2962567B2A5006D6161 /* CountriesModel.swift in Sources */ = {isa = PBXBuildFile; fileRef = F79AE2952567B2A5006D6161 /* CountriesModel.swift */; };
		F7B08C64257A33F3002CA8D7 /* LatestPosts.swift in Sources */ = {isa = PBXBuildFile; fileRef = F7B08C63257A33F3002CA8D7 /* LatestPosts.swift */; };
		F7BBAE792574285700C5A16D /* TableViewCell.swift in Sources */ = {isa = PBXBuildFile; fileRef = F7BBAE772574285700C5A16D /* TableViewCell.swift */; };
		F7BBAE7A2574285700C5A16D /* TableViewCell.xib in Resources */ = {isa = PBXBuildFile; fileRef = F7BBAE782574285700C5A16D /* TableViewCell.xib */; };
		F7BBAE7F25742A6100C5A16D /* HomeTableViewViewController.swift in Sources */ = {isa = PBXBuildFile; fileRef = F7BBAE7D25742A6100C5A16D /* HomeTableViewViewController.swift */; };
		F7BBAE8025742A6100C5A16D /* HomeTableViewViewController.xib in Resources */ = {isa = PBXBuildFile; fileRef = F7BBAE7E25742A6100C5A16D /* HomeTableViewViewController.xib */; };
		F7C49407256596DE00261930 /* Constants.swift in Sources */ = {isa = PBXBuildFile; fileRef = F7C49406256596DE00261930 /* Constants.swift */; };
		F7CFE724255971B300FCDD21 /* AuthSB.storyboard in Resources */ = {isa = PBXBuildFile; fileRef = F7CFE723255971B300FCDD21 /* AuthSB.storyboard */; };
/* End PBXBuildFile section */

/* Begin PBXFileReference section */
		669F03411B6DB32617760D05 /* Pods-Insta-X.release.xcconfig */ = {isa = PBXFileReference; includeInIndex = 1; lastKnownFileType = text.xcconfig; name = "Pods-Insta-X.release.xcconfig"; path = "Target Support Files/Pods-Insta-X/Pods-Insta-X.release.xcconfig"; sourceTree = "<group>"; };
		DC5DC3B9E6144C3E1164472D /* Pods-Insta-X.debug.xcconfig */ = {isa = PBXFileReference; includeInIndex = 1; lastKnownFileType = text.xcconfig; name = "Pods-Insta-X.debug.xcconfig"; path = "Target Support Files/Pods-Insta-X/Pods-Insta-X.debug.xcconfig"; sourceTree = "<group>"; };
		E84D5E10255C5AD900423CBE /* Login.swift */ = {isa = PBXFileReference; lastKnownFileType = sourcecode.swift; path = Login.swift; sourceTree = "<group>"; };
		E8EFF497A350F19D7DF9CFB8 /* Pods_Insta_X.framework */ = {isa = PBXFileReference; explicitFileType = wrapper.framework; includeInIndex = 0; path = Pods_Insta_X.framework; sourceTree = BUILT_PRODUCTS_DIR; };
		F70F0A3B257538FC004DCEFE /* CollectionViewCell.swift */ = {isa = PBXFileReference; lastKnownFileType = sourcecode.swift; path = CollectionViewCell.swift; sourceTree = "<group>"; };
		F70F0A3C257538FC004DCEFE /* CollectionViewCell.xib */ = {isa = PBXFileReference; lastKnownFileType = file.xib; path = CollectionViewCell.xib; sourceTree = "<group>"; };
		F748713425595F3200599306 /* Insta-X.app */ = {isa = PBXFileReference; explicitFileType = wrapper.application; includeInIndex = 0; path = "Insta-X.app"; sourceTree = BUILT_PRODUCTS_DIR; };
		F748713725595F3200599306 /* AppDelegate.swift */ = {isa = PBXFileReference; lastKnownFileType = sourcecode.swift; path = AppDelegate.swift; sourceTree = "<group>"; };
		F748713B25595F3200599306 /* ViewController.swift */ = {isa = PBXFileReference; lastKnownFileType = sourcecode.swift; path = ViewController.swift; sourceTree = "<group>"; };
		F748714025595F3200599306 /* Assets.xcassets */ = {isa = PBXFileReference; lastKnownFileType = folder.assetcatalog; path = Assets.xcassets; sourceTree = "<group>"; };
		F748714325595F3200599306 /* Base */ = {isa = PBXFileReference; lastKnownFileType = file.storyboard; name = Base; path = Base.lproj/LaunchScreen.storyboard; sourceTree = "<group>"; };
		F748714525595F3200599306 /* Info.plist */ = {isa = PBXFileReference; lastKnownFileType = text.plist.xml; path = Info.plist; sourceTree = "<group>"; };
		F748714E25595F3200599306 /* Insta_XTests.swift */ = {isa = PBXFileReference; lastKnownFileType = sourcecode.swift; path = Insta_XTests.swift; sourceTree = "<group>"; };
		F748715025595F3200599306 /* Info.plist */ = {isa = PBXFileReference; lastKnownFileType = text.plist.xml; path = Info.plist; sourceTree = "<group>"; };
		F748715925595F3200599306 /* Insta_XUITests.swift */ = {isa = PBXFileReference; lastKnownFileType = sourcecode.swift; path = Insta_XUITests.swift; sourceTree = "<group>"; };
		F748715B25595F3200599306 /* Info.plist */ = {isa = PBXFileReference; lastKnownFileType = text.plist.xml; path = Info.plist; sourceTree = "<group>"; };
		F75F6284255C41C200BD0727 /* EnterCode.swift */ = {isa = PBXFileReference; lastKnownFileType = sourcecode.swift; path = EnterCode.swift; sourceTree = "<group>"; };
		F774B3352561B39E00E0713B /* extensions.swift */ = {isa = PBXFileReference; lastKnownFileType = sourcecode.swift; path = extensions.swift; sourceTree = "<group>"; };
		F774B33A2561B73100E0713B /* SignUp.swift */ = {isa = PBXFileReference; lastKnownFileType = sourcecode.swift; path = SignUp.swift; sourceTree = "<group>"; };
		F774B33D2561BCC300E0713B /* ShowAlertExtensions.swift */ = {isa = PBXFileReference; lastKnownFileType = sourcecode.swift; path = ShowAlertExtensions.swift; sourceTree = "<group>"; };
		F779D9E1256AD878000C4A5B /* Networking.swift */ = {isa = PBXFileReference; lastKnownFileType = sourcecode.swift; path = Networking.swift; sourceTree = "<group>"; };
		F779D9E4256BEFDF000C4A5B /* Padding.swift */ = {isa = PBXFileReference; lastKnownFileType = sourcecode.swift; path = Padding.swift; sourceTree = "<group>"; };
		F77F2EE425712597007EEBB2 /* TabBar.swift */ = {isa = PBXFileReference; lastKnownFileType = sourcecode.swift; path = TabBar.swift; sourceTree = "<group>"; };
		F79A7D732577C738004F23A9 /* NotificationCell.swift */ = {isa = PBXFileReference; lastKnownFileType = sourcecode.swift; path = NotificationCell.swift; sourceTree = "<group>"; };
		F79A7D742577C738004F23A9 /* NotificationCell.xib */ = {isa = PBXFileReference; lastKnownFileType = file.xib; path = NotificationCell.xib; sourceTree = "<group>"; };
		F79A7D782577CB0A004F23A9 /* NotificationController.swift */ = {isa = PBXFileReference; lastKnownFileType = sourcecode.swift; path = NotificationController.swift; sourceTree = "<group>"; };
		F79A7D792577CB0A004F23A9 /* NotificationController.xib */ = {isa = PBXFileReference; lastKnownFileType = file.xib; path = NotificationController.xib; sourceTree = "<group>"; };
		F79AE2952567B2A5006D6161 /* CountriesModel.swift */ = {isa = PBXFileReference; lastKnownFileType = sourcecode.swift; path = CountriesModel.swift; sourceTree = "<group>"; };
		F7B08C63257A33F3002CA8D7 /* LatestPosts.swift */ = {isa = PBXFileReference; lastKnownFileType = sourcecode.swift; path = LatestPosts.swift; sourceTree = "<group>"; };
		F7BBAE772574285700C5A16D /* TableViewCell.swift */ = {isa = PBXFileReference; lastKnownFileType = sourcecode.swift; path = TableViewCell.swift; sourceTree = "<group>"; };
		F7BBAE782574285700C5A16D /* TableViewCell.xib */ = {isa = PBXFileReference; lastKnownFileType = file.xib; path = TableViewCell.xib; sourceTree = "<group>"; };
		F7BBAE7D25742A6100C5A16D /* HomeTableViewViewController.swift */ = {isa = PBXFileReference; lastKnownFileType = sourcecode.swift; path = HomeTableViewViewController.swift; sourceTree = "<group>"; };
		F7BBAE7E25742A6100C5A16D /* HomeTableViewViewController.xib */ = {isa = PBXFileReference; lastKnownFileType = file.xib; path = HomeTableViewViewController.xib; sourceTree = "<group>"; };
		F7C49406256596DE00261930 /* Constants.swift */ = {isa = PBXFileReference; lastKnownFileType = sourcecode.swift; path = Constants.swift; sourceTree = "<group>"; };
		F7CFE723255971B300FCDD21 /* AuthSB.storyboard */ = {isa = PBXFileReference; lastKnownFileType = file.storyboard; path = AuthSB.storyboard; sourceTree = "<group>"; };
/* End PBXFileReference section */

/* Begin PBXFrameworksBuildPhase section */
		F748713125595F3200599306 /* Frameworks */ = {
			isa = PBXFrameworksBuildPhase;
			buildActionMask = 2147483647;
			files = (
				4B1B7F5361AE635C2C05B853 /* Pods_Insta_X.framework in Frameworks */,
			);
			runOnlyForDeploymentPostprocessing = 0;
		};
/* End PBXFrameworksBuildPhase section */

/* Begin PBXGroup section */
		4D1AD656DC9DD7FFEC743C77 /* Pods */ = {
			isa = PBXGroup;
			children = (
				DC5DC3B9E6144C3E1164472D /* Pods-Insta-X.debug.xcconfig */,
				669F03411B6DB32617760D05 /* Pods-Insta-X.release.xcconfig */,
			);
			path = Pods;
			sourceTree = "<group>";
		};
		B152D23F91BF2C6173185CB2 /* Frameworks */ = {
			isa = PBXGroup;
			children = (
				E8EFF497A350F19D7DF9CFB8 /* Pods_Insta_X.framework */,
			);
			name = Frameworks;
			sourceTree = "<group>";
		};
		E84D5E0C255C5AA400423CBE /* SP */ = {
			isa = PBXGroup;
			children = (
				F7CFE723255971B300FCDD21 /* AuthSB.storyboard */,
			);
			path = SP;
			sourceTree = "<group>";
		};
		E84D5E0E255C5ABF00423CBE /* VC */ = {
			isa = PBXGroup;
			children = (
				E84D5E0F255C5AC700423CBE /* Auth */,
			);
			path = VC;
			sourceTree = "<group>";
		};
		E84D5E0F255C5AC700423CBE /* Auth */ = {
			isa = PBXGroup;
			children = (
				F75FC5432571240F00C95C16 /* TabBar */,
				E84D5E10255C5AD900423CBE /* Login.swift */,
				F774B33A2561B73100E0713B /* SignUp.swift */,
				F75F6284255C41C200BD0727 /* EnterCode.swift */,
			);
			path = Auth;
			sourceTree = "<group>";
		};
		F70F0A2F25753160004DCEFE /* CollectionView */ = {
			isa = PBXGroup;
			children = (
				F70F0A3A257538BB004DCEFE /* Cells */,
			);
			path = CollectionView;
			sourceTree = "<group>";
		};
		F70F0A302575316D004DCEFE /* TableView */ = {
			isa = PBXGroup;
			children = (
				F70F0A32257531CD004DCEFE /* Cell */,
				F70F0A3125753191004DCEFE /* TableView */,
			);
			path = TableView;
			sourceTree = "<group>";
		};
		F70F0A3125753191004DCEFE /* TableView */ = {
			isa = PBXGroup;
			children = (
				F7BBAE7E25742A6100C5A16D /* HomeTableViewViewController.xib */,
				F7BBAE7D25742A6100C5A16D /* HomeTableViewViewController.swift */,
			);
			path = TableView;
			sourceTree = "<group>";
		};
		F70F0A32257531CD004DCEFE /* Cell */ = {
			isa = PBXGroup;
			children = (
				F7BBAE772574285700C5A16D /* TableViewCell.swift */,
				F7BBAE782574285700C5A16D /* TableViewCell.xib */,
			);
			path = Cell;
			sourceTree = "<group>";
		};
		F70F0A3A257538BB004DCEFE /* Cells */ = {
			isa = PBXGroup;
			children = (
				F70F0A3B257538FC004DCEFE /* CollectionViewCell.swift */,
				F70F0A3C257538FC004DCEFE /* CollectionViewCell.xib */,
			);
			path = Cells;
			sourceTree = "<group>";
		};
		F748712B25595F3200599306 = {
			isa = PBXGroup;
			children = (
				F748713625595F3200599306 /* Insta-X */,
				F748714D25595F3200599306 /* Insta-XTests */,
				F748715825595F3200599306 /* Insta-XUITests */,
				F748713525595F3200599306 /* Products */,
				4D1AD656DC9DD7FFEC743C77 /* Pods */,
				B152D23F91BF2C6173185CB2 /* Frameworks */,
			);
			sourceTree = "<group>";
		};
		F748713525595F3200599306 /* Products */ = {
			isa = PBXGroup;
			children = (
				F748713425595F3200599306 /* Insta-X.app */,
			);
			name = Products;
			sourceTree = "<group>";
		};
		F748713625595F3200599306 /* Insta-X */ = {
			isa = PBXGroup;
			children = (
				F779D9E0256AD83F000C4A5B /* COF */,
				F79AE2942567B28D006D6161 /* Models */,
				F774B3342561B38100E0713B /* extensions */,
				E84D5E0E255C5ABF00423CBE /* VC */,
				E84D5E0C255C5AA400423CBE /* SP */,
				F748713725595F3200599306 /* AppDelegate.swift */,
				F748713B25595F3200599306 /* ViewController.swift */,
				F748714025595F3200599306 /* Assets.xcassets */,
				F748714525595F3200599306 /* Info.plist */,
				F7C49406256596DE00261930 /* Constants.swift */,
			);
			path = "Insta-X";
			sourceTree = "<group>";
		};
		F748714D25595F3200599306 /* Insta-XTests */ = {
			isa = PBXGroup;
			children = (
				F748714E25595F3200599306 /* Insta_XTests.swift */,
				F748715025595F3200599306 /* Info.plist */,
			);
			path = "Insta-XTests";
			sourceTree = "<group>";
		};
		F748715825595F3200599306 /* Insta-XUITests */ = {
			isa = PBXGroup;
			children = (
				F748715925595F3200599306 /* Insta_XUITests.swift */,
				F748715B25595F3200599306 /* Info.plist */,
			);
			path = "Insta-XUITests";
			sourceTree = "<group>";
		};
		F75FC5432571240F00C95C16 /* TabBar */ = {
			isa = PBXGroup;
			children = (
				F7BBAE762574281800C5A16D /* Home */,
				F748714225595F3200599306 /* LaunchScreen.storyboard */,
			);
			path = TabBar;
			sourceTree = "<group>";
		};
		F774B3342561B38100E0713B /* extensions */ = {
			isa = PBXGroup;
			children = (
				F774B3352561B39E00E0713B /* extensions.swift */,
				F774B33D2561BCC300E0713B /* ShowAlertExtensions.swift */,
				F779D9E4256BEFDF000C4A5B /* Padding.swift */,
			);
			path = extensions;
			sourceTree = "<group>";
		};
		F779D9E0256AD83F000C4A5B /* COF */ = {
			isa = PBXGroup;
			children = (
				F779D9E1256AD878000C4A5B /* Networking.swift */,
			);
			path = COF;
			sourceTree = "<group>";
		};
		F79A7D6A2577BDA6004F23A9 /* Notifications */ = {
			isa = PBXGroup;
			children = (
				F79A7D6C2577BDCE004F23A9 /* ControllerFile */,
				F79A7D6B2577BDC4004F23A9 /* Cell */,
			);
			path = Notifications;
			sourceTree = "<group>";
		};
		F79A7D6B2577BDC4004F23A9 /* Cell */ = {
			isa = PBXGroup;
			children = (
				F79A7D732577C738004F23A9 /* NotificationCell.swift */,
				F79A7D742577C738004F23A9 /* NotificationCell.xib */,
			);
			path = Cell;
			sourceTree = "<group>";
		};
		F79A7D6C2577BDCE004F23A9 /* ControllerFile */ = {
			isa = PBXGroup;
			children = (
				F79A7D782577CB0A004F23A9 /* NotificationController.swift */,
				F79A7D792577CB0A004F23A9 /* NotificationController.xib */,
			);
			path = ControllerFile;
			sourceTree = "<group>";
		};
		F79AE2942567B28D006D6161 /* Models */ = {
			isa = PBXGroup;
			children = (
				F79AE2952567B2A5006D6161 /* CountriesModel.swift */,
				F7B08C63257A33F3002CA8D7 /* LatestPosts.swift */,
			);
			path = Models;
			sourceTree = "<group>";
		};
		F7BBAE762574281800C5A16D /* Home */ = {
			isa = PBXGroup;
			children = (
				F79A7D6A2577BDA6004F23A9 /* Notifications */,
				F70F0A302575316D004DCEFE /* TableView */,
				F70F0A2F25753160004DCEFE /* CollectionView */,
				F77F2EE425712597007EEBB2 /* TabBar.swift */,
			);
			path = Home;
			sourceTree = "<group>";
		};
/* End PBXGroup section */

/* Begin PBXNativeTarget section */
		F748713325595F3200599306 /* Insta-X */ = {
			isa = PBXNativeTarget;
			buildConfigurationList = F748715E25595F3200599306 /* Build configuration list for PBXNativeTarget "Insta-X" */;
			buildPhases = (
				84F421D7F695DBC8D636072B /* [CP] Check Pods Manifest.lock */,
				F748713025595F3200599306 /* Sources */,
				F748713125595F3200599306 /* Frameworks */,
				F748713225595F3200599306 /* Resources */,
				1754E123018ACA98A99CB367 /* [CP] Embed Pods Frameworks */,
			);
			buildRules = (
			);
			dependencies = (
			);
			name = "Insta-X";
			productName = "Insta-X";
			productReference = F748713425595F3200599306 /* Insta-X.app */;
			productType = "com.apple.product-type.application";
		};
/* End PBXNativeTarget section */

/* Begin PBXProject section */
		F748712C25595F3200599306 /* Project object */ = {
			isa = PBXProject;
			attributes = {
				LastSwiftUpdateCheck = 1210;
				LastUpgradeCheck = 1210;
				TargetAttributes = {
					F748713325595F3200599306 = {
						CreatedOnToolsVersion = 12.1;
					};
				};
			};
			buildConfigurationList = F748712F25595F3200599306 /* Build configuration list for PBXProject "Insta-X" */;
			compatibilityVersion = "Xcode 9.3";
			developmentRegion = en;
			hasScannedForEncodings = 0;
			knownRegions = (
				en,
				Base,
			);
			mainGroup = F748712B25595F3200599306;
			productRefGroup = F748713525595F3200599306 /* Products */;
			projectDirPath = "";
			projectRoot = "";
			targets = (
				F748713325595F3200599306 /* Insta-X */,
			);
		};
/* End PBXProject section */

/* Begin PBXResourcesBuildPhase section */
		F748713225595F3200599306 /* Resources */ = {
			isa = PBXResourcesBuildPhase;
			buildActionMask = 2147483647;
			files = (
				F70F0A3E257538FC004DCEFE /* CollectionViewCell.xib in Resources */,
				F7CFE724255971B300FCDD21 /* AuthSB.storyboard in Resources */,
				F7BBAE7A2574285700C5A16D /* TableViewCell.xib in Resources */,
				F7BBAE8025742A6100C5A16D /* HomeTableViewViewController.xib in Resources */,
				F79A7D762577C738004F23A9 /* NotificationCell.xib in Resources */,
				F748714425595F3200599306 /* LaunchScreen.storyboard in Resources */,
				F79A7D7B2577CB0A004F23A9 /* NotificationController.xib in Resources */,
				F748714125595F3200599306 /* Assets.xcassets in Resources */,
			);
			runOnlyForDeploymentPostprocessing = 0;
		};
/* End PBXResourcesBuildPhase section */

/* Begin PBXShellScriptBuildPhase section */
		1754E123018ACA98A99CB367 /* [CP] Embed Pods Frameworks */ = {
			isa = PBXShellScriptBuildPhase;
			buildActionMask = 2147483647;
			files = (
			);
			inputFileListPaths = (
				"${PODS_ROOT}/Target Support Files/Pods-Insta-X/Pods-Insta-X-frameworks-${CONFIGURATION}-input-files.xcfilelist",
			);
			name = "[CP] Embed Pods Frameworks";
			outputFileListPaths = (
				"${PODS_ROOT}/Target Support Files/Pods-Insta-X/Pods-Insta-X-frameworks-${CONFIGURATION}-output-files.xcfilelist",
			);
			runOnlyForDeploymentPostprocessing = 0;
			shellPath = /bin/sh;
			shellScript = "\"${PODS_ROOT}/Target Support Files/Pods-Insta-X/Pods-Insta-X-frameworks.sh\"\n";
			showEnvVarsInLog = 0;
		};
		84F421D7F695DBC8D636072B /* [CP] Check Pods Manifest.lock */ = {
			isa = PBXShellScriptBuildPhase;
			buildActionMask = 2147483647;
			files = (
			);
			inputFileListPaths = (
			);
			inputPaths = (
				"${PODS_PODFILE_DIR_PATH}/Podfile.lock",
				"${PODS_ROOT}/Manifest.lock",
			);
			name = "[CP] Check Pods Manifest.lock";
			outputFileListPaths = (
			);
			outputPaths = (
				"$(DERIVED_FILE_DIR)/Pods-Insta-X-checkManifestLockResult.txt",
			);
			runOnlyForDeploymentPostprocessing = 0;
			shellPath = /bin/sh;
			shellScript = "diff \"${PODS_PODFILE_DIR_PATH}/Podfile.lock\" \"${PODS_ROOT}/Manifest.lock\" > /dev/null\nif [ $? != 0 ] ; then\n    # print error to STDERR\n    echo \"error: The sandbox is not in sync with the Podfile.lock. Run 'pod install' or update your CocoaPods installation.\" >&2\n    exit 1\nfi\n# This output is used by Xcode 'outputs' to avoid re-running this script phase.\necho \"SUCCESS\" > \"${SCRIPT_OUTPUT_FILE_0}\"\n";
			showEnvVarsInLog = 0;
		};
/* End PBXShellScriptBuildPhase section */

/* Begin PBXSourcesBuildPhase section */
		F748713025595F3200599306 /* Sources */ = {
			isa = PBXSourcesBuildPhase;
			buildActionMask = 2147483647;
			files = (
				F7BBAE792574285700C5A16D /* TableViewCell.swift in Sources */,
				F774B33B2561B73100E0713B /* SignUp.swift in Sources */,
				F77F2EE525712597007EEBB2 /* TabBar.swift in Sources */,
				F779D9E2256AD878000C4A5B /* Networking.swift in Sources */,
				F7B08C64257A33F3002CA8D7 /* LatestPosts.swift in Sources */,
				F79AE2962567B2A5006D6161 /* CountriesModel.swift in Sources */,
				E84D5E11255C5AD900423CBE /* Login.swift in Sources */,
				F748713C25595F3200599306 /* ViewController.swift in Sources */,
				F75F6285255C41C200BD0727 /* EnterCode.swift in Sources */,
				F79A7D752577C738004F23A9 /* NotificationCell.swift in Sources */,
				F774B33E2561BCC300E0713B /* ShowAlertExtensions.swift in Sources */,
				F70F0A3D257538FC004DCEFE /* CollectionViewCell.swift in Sources */,
				F7BBAE7F25742A6100C5A16D /* HomeTableViewViewController.swift in Sources */,
				F79A7D7A2577CB0A004F23A9 /* NotificationController.swift in Sources */,
				F748713825595F3200599306 /* AppDelegate.swift in Sources */,
				F774B3362561B39E00E0713B /* extensions.swift in Sources */,
				F779D9E5256BEFDF000C4A5B /* Padding.swift in Sources */,
				F7C49407256596DE00261930 /* Constants.swift in Sources */,
			);
			runOnlyForDeploymentPostprocessing = 0;
		};
/* End PBXSourcesBuildPhase section */

/* Begin PBXVariantGroup section */
		F748714225595F3200599306 /* LaunchScreen.storyboard */ = {
			isa = PBXVariantGroup;
			children = (
				F748714325595F3200599306 /* Base */,
			);
			name = LaunchScreen.storyboard;
			sourceTree = "<group>";
		};
/* End PBXVariantGroup section */

/* Begin XCBuildConfiguration section */
		F748715C25595F3200599306 /* Debug */ = {
			isa = XCBuildConfiguration;
			buildSettings = {
				ALWAYS_SEARCH_USER_PATHS = NO;
				CLANG_ANALYZER_NONNULL = YES;
				CLANG_ANALYZER_NUMBER_OBJECT_CONVERSION = YES_AGGRESSIVE;
				CLANG_CXX_LANGUAGE_STANDARD = "gnu++14";
				CLANG_CXX_LIBRARY = "libc++";
				CLANG_ENABLE_MODULES = YES;
				CLANG_ENABLE_OBJC_ARC = YES;
				CLANG_ENABLE_OBJC_WEAK = YES;
				CLANG_WARN_BLOCK_CAPTURE_AUTORELEASING = YES;
				CLANG_WARN_BOOL_CONVERSION = YES;
				CLANG_WARN_COMMA = YES;
				CLANG_WARN_CONSTANT_CONVERSION = YES;
				CLANG_WARN_DEPRECATED_OBJC_IMPLEMENTATIONS = YES;
				CLANG_WARN_DIRECT_OBJC_ISA_USAGE = YES_ERROR;
				CLANG_WARN_DOCUMENTATION_COMMENTS = YES;
				CLANG_WARN_EMPTY_BODY = YES;
				CLANG_WARN_ENUM_CONVERSION = YES;
				CLANG_WARN_INFINITE_RECURSION = YES;
				CLANG_WARN_INT_CONVERSION = YES;
				CLANG_WARN_NON_LITERAL_NULL_CONVERSION = YES;
				CLANG_WARN_OBJC_IMPLICIT_RETAIN_SELF = YES;
				CLANG_WARN_OBJC_LITERAL_CONVERSION = YES;
				CLANG_WARN_OBJC_ROOT_CLASS = YES_ERROR;
				CLANG_WARN_QUOTED_INCLUDE_IN_FRAMEWORK_HEADER = YES;
				CLANG_WARN_RANGE_LOOP_ANALYSIS = YES;
				CLANG_WARN_STRICT_PROTOTYPES = YES;
				CLANG_WARN_SUSPICIOUS_MOVE = YES;
				CLANG_WARN_UNGUARDED_AVAILABILITY = YES_AGGRESSIVE;
				CLANG_WARN_UNREACHABLE_CODE = YES;
				CLANG_WARN__DUPLICATE_METHOD_MATCH = YES;
				COPY_PHASE_STRIP = NO;
				DEBUG_INFORMATION_FORMAT = dwarf;
				ENABLE_STRICT_OBJC_MSGSEND = YES;
				ENABLE_TESTABILITY = YES;
				GCC_C_LANGUAGE_STANDARD = gnu11;
				GCC_DYNAMIC_NO_PIC = NO;
				GCC_NO_COMMON_BLOCKS = YES;
				GCC_OPTIMIZATION_LEVEL = 0;
				GCC_PREPROCESSOR_DEFINITIONS = (
					"DEBUG=1",
					"$(inherited)",
				);
				GCC_WARN_64_TO_32_BIT_CONVERSION = YES;
				GCC_WARN_ABOUT_RETURN_TYPE = YES_ERROR;
				GCC_WARN_UNDECLARED_SELECTOR = YES;
				GCC_WARN_UNINITIALIZED_AUTOS = YES_AGGRESSIVE;
				GCC_WARN_UNUSED_FUNCTION = YES;
				GCC_WARN_UNUSED_VARIABLE = YES;
				IPHONEOS_DEPLOYMENT_TARGET = 14.0;
				MTL_ENABLE_DEBUG_INFO = INCLUDE_SOURCE;
				MTL_FAST_MATH = YES;
				ONLY_ACTIVE_ARCH = YES;
				SDKROOT = iphoneos;
				SWIFT_ACTIVE_COMPILATION_CONDITIONS = DEBUG;
				SWIFT_OPTIMIZATION_LEVEL = "-Onone";
			};
			name = Debug;
		};
		F748715D25595F3200599306 /* Release */ = {
			isa = XCBuildConfiguration;
			buildSettings = {
				ALWAYS_SEARCH_USER_PATHS = NO;
				CLANG_ANALYZER_NONNULL = YES;
				CLANG_ANALYZER_NUMBER_OBJECT_CONVERSION = YES_AGGRESSIVE;
				CLANG_CXX_LANGUAGE_STANDARD = "gnu++14";
				CLANG_CXX_LIBRARY = "libc++";
				CLANG_ENABLE_MODULES = YES;
				CLANG_ENABLE_OBJC_ARC = YES;
				CLANG_ENABLE_OBJC_WEAK = YES;
				CLANG_WARN_BLOCK_CAPTURE_AUTORELEASING = YES;
				CLANG_WARN_BOOL_CONVERSION = YES;
				CLANG_WARN_COMMA = YES;
				CLANG_WARN_CONSTANT_CONVERSION = YES;
				CLANG_WARN_DEPRECATED_OBJC_IMPLEMENTATIONS = YES;
				CLANG_WARN_DIRECT_OBJC_ISA_USAGE = YES_ERROR;
				CLANG_WARN_DOCUMENTATION_COMMENTS = YES;
				CLANG_WARN_EMPTY_BODY = YES;
				CLANG_WARN_ENUM_CONVERSION = YES;
				CLANG_WARN_INFINITE_RECURSION = YES;
				CLANG_WARN_INT_CONVERSION = YES;
				CLANG_WARN_NON_LITERAL_NULL_CONVERSION = YES;
				CLANG_WARN_OBJC_IMPLICIT_RETAIN_SELF = YES;
				CLANG_WARN_OBJC_LITERAL_CONVERSION = YES;
				CLANG_WARN_OBJC_ROOT_CLASS = YES_ERROR;
				CLANG_WARN_QUOTED_INCLUDE_IN_FRAMEWORK_HEADER = YES;
				CLANG_WARN_RANGE_LOOP_ANALYSIS = YES;
				CLANG_WARN_STRICT_PROTOTYPES = YES;
				CLANG_WARN_SUSPICIOUS_MOVE = YES;
				CLANG_WARN_UNGUARDED_AVAILABILITY = YES_AGGRESSIVE;
				CLANG_WARN_UNREACHABLE_CODE = YES;
				CLANG_WARN__DUPLICATE_METHOD_MATCH = YES;
				COPY_PHASE_STRIP = NO;
				DEBUG_INFORMATION_FORMAT = "dwarf-with-dsym";
				ENABLE_NS_ASSERTIONS = NO;
				ENABLE_STRICT_OBJC_MSGSEND = YES;
				GCC_C_LANGUAGE_STANDARD = gnu11;
				GCC_NO_COMMON_BLOCKS = YES;
				GCC_WARN_64_TO_32_BIT_CONVERSION = YES;
				GCC_WARN_ABOUT_RETURN_TYPE = YES_ERROR;
				GCC_WARN_UNDECLARED_SELECTOR = YES;
				GCC_WARN_UNINITIALIZED_AUTOS = YES_AGGRESSIVE;
				GCC_WARN_UNUSED_FUNCTION = YES;
				GCC_WARN_UNUSED_VARIABLE = YES;
				IPHONEOS_DEPLOYMENT_TARGET = 14.0;
				MTL_ENABLE_DEBUG_INFO = NO;
				MTL_FAST_MATH = YES;
				SDKROOT = iphoneos;
				SWIFT_COMPILATION_MODE = wholemodule;
				SWIFT_OPTIMIZATION_LEVEL = "-O";
				VALIDATE_PRODUCT = YES;
			};
			name = Release;
		};
		F748715F25595F3200599306 /* Debug */ = {
			isa = XCBuildConfiguration;
			baseConfigurationReference = DC5DC3B9E6144C3E1164472D /* Pods-Insta-X.debug.xcconfig */;
			buildSettings = {
				ASSETCATALOG_COMPILER_APPICON_NAME = AppIcon;
				ASSETCATALOG_COMPILER_GLOBAL_ACCENT_COLOR_NAME = AccentColor;
				CODE_SIGN_STYLE = Automatic;
				DEVELOPMENT_TEAM = 2DBF97GBBN;
				INFOPLIST_FILE = "Insta-X/Info.plist";
				LD_RUNPATH_SEARCH_PATHS = (
					"$(inherited)",
					"@executable_path/Frameworks",
				);
				PRODUCT_BUNDLE_IDENTIFIER = "com.youssefDawla.App-Design.Insta-X";
				PRODUCT_NAME = "$(TARGET_NAME)";
				SWIFT_VERSION = 5.0;
				TARGETED_DEVICE_FAMILY = "1,2";
			};
			name = Debug;
		};
		F748716025595F3200599306 /* Release */ = {
			isa = XCBuildConfiguration;
			baseConfigurationReference = 669F03411B6DB32617760D05 /* Pods-Insta-X.release.xcconfig */;
			buildSettings = {
				ASSETCATALOG_COMPILER_APPICON_NAME = AppIcon;
				ASSETCATALOG_COMPILER_GLOBAL_ACCENT_COLOR_NAME = AccentColor;
				CODE_SIGN_STYLE = Automatic;
				DEVELOPMENT_TEAM = 2DBF97GBBN;
				INFOPLIST_FILE = "Insta-X/Info.plist";
				LD_RUNPATH_SEARCH_PATHS = (
					"$(inherited)",
					"@executable_path/Frameworks",
				);
				PRODUCT_BUNDLE_IDENTIFIER = "com.youssefDawla.App-Design.Insta-X";
				PRODUCT_NAME = "$(TARGET_NAME)";
				SWIFT_VERSION = 5.0;
				TARGETED_DEVICE_FAMILY = "1,2";
			};
			name = Release;
		};
/* End XCBuildConfiguration section */

/* Begin XCConfigurationList section */
		F748712F25595F3200599306 /* Build configuration list for PBXProject "Insta-X" */ = {
			isa = XCConfigurationList;
			buildConfigurations = (
				F748715C25595F3200599306 /* Debug */,
				F748715D25595F3200599306 /* Release */,
			);
			defaultConfigurationIsVisible = 0;
			defaultConfigurationName = Release;
		};
		F748715E25595F3200599306 /* Build configuration list for PBXNativeTarget "Insta-X" */ = {
			isa = XCConfigurationList;
			buildConfigurations = (
				F748715F25595F3200599306 /* Debug */,
				F748716025595F3200599306 /* Release */,
			);
			defaultConfigurationIsVisible = 0;
			defaultConfigurationName = Release;
		};
/* End XCConfigurationList section */
	};
	rootObject = F748712C25595F3200599306 /* Project object */;
}
