// !$*UTF8*$!
{
	archiveVersion = 1;
	classes = {
	};
	objectVersion = 51;
	objects = {

/* Begin PBXBuildFile section */
		4B1B7F5361AE635C2C05B853 /* Pods_Insta_X.framework in Frameworks */ = {isa = PBXBuildFile; fileRef = E8EFF497A350F19D7DF9CFB8 /* Pods_Insta_X.framework */; };
		E8417EB725605964004C08DA /* UIView+.swift in Sources */ = {isa = PBXBuildFile; fileRef = E8417EB625605963004C08DA /* UIView+.swift */; };
		E8417EBB25605D23004C08DA /* UIViewController+.swift in Sources */ = {isa = PBXBuildFile; fileRef = E8417EBA25605D23004C08DA /* UIViewController+.swift */; };
		E84D5E11255C5AD900423CBE /* LoginViewController.swift in Sources */ = {isa = PBXBuildFile; fileRef = E84D5E10255C5AD900423CBE /* LoginViewController.swift */; };
		E8E068DF2569831900B449E2 /* Network.swift in Sources */ = {isa = PBXBuildFile; fileRef = E8E068DE2569831900B449E2 /* Network.swift */; };
		E8E649AC2565992C008BCC76 /* Constants.swift in Sources */ = {isa = PBXBuildFile; fileRef = E8E649AB2565992C008BCC76 /* Constants.swift */; };
		E8E649B225659AAA008BCC76 /* CountriesModel.swift in Sources */ = {isa = PBXBuildFile; fileRef = E8E649B125659AAA008BCC76 /* CountriesModel.swift */; };
		F748713825595F3200599306 /* AppDelegate.swift in Sources */ = {isa = PBXBuildFile; fileRef = F748713725595F3200599306 /* AppDelegate.swift */; };
		F748713C25595F3200599306 /* RegisterViewController.swift in Sources */ = {isa = PBXBuildFile; fileRef = F748713B25595F3200599306 /* RegisterViewController.swift */; };
		F748714125595F3200599306 /* Assets.xcassets in Resources */ = {isa = PBXBuildFile; fileRef = F748714025595F3200599306 /* Assets.xcassets */; };
		F748714425595F3200599306 /* LaunchScreen.storyboard in Resources */ = {isa = PBXBuildFile; fileRef = F748714225595F3200599306 /* LaunchScreen.storyboard */; };
		F75F627B255C2E9200BD0727 /* GetCodeofAuth.swift in Sources */ = {isa = PBXBuildFile; fileRef = F75F627A255C2E9200BD0727 /* GetCodeofAuth.swift */; };
		F75F6285255C41C200BD0727 /* EnterCode.swift in Sources */ = {isa = PBXBuildFile; fileRef = F75F6284255C41C200BD0727 /* EnterCode.swift */; };
		F7CFE724255971B300FCDD21 /* AuthSB.storyboard in Resources */ = {isa = PBXBuildFile; fileRef = F7CFE723255971B300FCDD21 /* AuthSB.storyboard */; };
/* End PBXBuildFile section */

/* Begin PBXFileReference section */
		669F03411B6DB32617760D05 /* Pods-Insta-X.release.xcconfig */ = {isa = PBXFileReference; includeInIndex = 1; lastKnownFileType = text.xcconfig; name = "Pods-Insta-X.release.xcconfig"; path = "Target Support Files/Pods-Insta-X/Pods-Insta-X.release.xcconfig"; sourceTree = "<group>"; };
		DC5DC3B9E6144C3E1164472D /* Pods-Insta-X.debug.xcconfig */ = {isa = PBXFileReference; includeInIndex = 1; lastKnownFileType = text.xcconfig; name = "Pods-Insta-X.debug.xcconfig"; path = "Target Support Files/Pods-Insta-X/Pods-Insta-X.debug.xcconfig"; sourceTree = "<group>"; };
		E8417EB625605963004C08DA /* UIView+.swift */ = {isa = PBXFileReference; lastKnownFileType = sourcecode.swift; path = "UIView+.swift"; sourceTree = "<group>"; };
		E8417EBA25605D23004C08DA /* UIViewController+.swift */ = {isa = PBXFileReference; lastKnownFileType = sourcecode.swift; path = "UIViewController+.swift"; sourceTree = "<group>"; };
		E84D5E10255C5AD900423CBE /* LoginViewController.swift */ = {isa = PBXFileReference; lastKnownFileType = sourcecode.swift; path = LoginViewController.swift; sourceTree = "<group>"; };
		E8E068DE2569831900B449E2 /* Network.swift */ = {isa = PBXFileReference; lastKnownFileType = sourcecode.swift; path = Network.swift; sourceTree = "<group>"; };
		E8E649AB2565992C008BCC76 /* Constants.swift */ = {isa = PBXFileReference; lastKnownFileType = sourcecode.swift; path = Constants.swift; sourceTree = "<group>"; };
		E8E649B125659AAA008BCC76 /* CountriesModel.swift */ = {isa = PBXFileReference; lastKnownFileType = sourcecode.swift; path = CountriesModel.swift; sourceTree = "<group>"; };
		E8EFF497A350F19D7DF9CFB8 /* Pods_Insta_X.framework */ = {isa = PBXFileReference; explicitFileType = wrapper.framework; includeInIndex = 0; path = Pods_Insta_X.framework; sourceTree = BUILT_PRODUCTS_DIR; };
		F748713425595F3200599306 /* Insta-X.app */ = {isa = PBXFileReference; explicitFileType = wrapper.application; includeInIndex = 0; path = "Insta-X.app"; sourceTree = BUILT_PRODUCTS_DIR; };
		F748713725595F3200599306 /* AppDelegate.swift */ = {isa = PBXFileReference; lastKnownFileType = sourcecode.swift; path = AppDelegate.swift; sourceTree = "<group>"; };
		F748713B25595F3200599306 /* RegisterViewController.swift */ = {isa = PBXFileReference; lastKnownFileType = sourcecode.swift; path = RegisterViewController.swift; sourceTree = "<group>"; };
		F748714025595F3200599306 /* Assets.xcassets */ = {isa = PBXFileReference; lastKnownFileType = folder.assetcatalog; path = Assets.xcassets; sourceTree = "<group>"; };
		F748714325595F3200599306 /* Base */ = {isa = PBXFileReference; lastKnownFileType = file.storyboard; name = Base; path = Base.lproj/LaunchScreen.storyboard; sourceTree = "<group>"; };
		F748714525595F3200599306 /* Info.plist */ = {isa = PBXFileReference; lastKnownFileType = text.plist.xml; path = Info.plist; sourceTree = "<group>"; };
		F748714E25595F3200599306 /* Insta_XTests.swift */ = {isa = PBXFileReference; lastKnownFileType = sourcecode.swift; path = Insta_XTests.swift; sourceTree = "<group>"; };
		F748715025595F3200599306 /* Info.plist */ = {isa = PBXFileReference; lastKnownFileType = text.plist.xml; path = Info.plist; sourceTree = "<group>"; };
		F748715925595F3200599306 /* Insta_XUITests.swift */ = {isa = PBXFileReference; lastKnownFileType = sourcecode.swift; path = Insta_XUITests.swift; sourceTree = "<group>"; };
		F748715B25595F3200599306 /* Info.plist */ = {isa = PBXFileReference; lastKnownFileType = text.plist.xml; path = Info.plist; sourceTree = "<group>"; };
		F75F627A255C2E9200BD0727 /* GetCodeofAuth.swift */ = {isa = PBXFileReference; lastKnownFileType = sourcecode.swift; path = GetCodeofAuth.swift; sourceTree = "<group>"; };
		F75F6284255C41C200BD0727 /* EnterCode.swift */ = {isa = PBXFileReference; lastKnownFileType = sourcecode.swift; path = EnterCode.swift; sourceTree = "<group>"; };
		F7CFE723255971B300FCDD21 /* AuthSB.storyboard */ = {isa = PBXFileReference; lastKnownFileType = file.storyboard; path = AuthSB.storyboard; sourceTree = "<group>"; };
/* End PBXFileReference section */

/* Begin PBXFrameworksBuildPhase section */
		F748713125595F3200599306 /* Frameworks */ = {
			isa = PBXFrameworksBuildPhase;
			buildActionMask = 2147483647;
			files = (
				4B1B7F5361AE635C2C05B853 /* Pods_Insta_X.framework in Frameworks */,
			);
			runOnlyForDeploymentPostprocessing = 0;
		};
/* End PBXFrameworksBuildPhase section */

/* Begin PBXGroup section */
		4D1AD656DC9DD7FFEC743C77 /* Pods */ = {
			isa = PBXGroup;
			children = (
				DC5DC3B9E6144C3E1164472D /* Pods-Insta-X.debug.xcconfig */,
				669F03411B6DB32617760D05 /* Pods-Insta-X.release.xcconfig */,
			);
			path = Pods;
			sourceTree = "<group>";
		};
		B152D23F91BF2C6173185CB2 /* Frameworks */ = {
			isa = PBXGroup;
			children = (
				E8EFF497A350F19D7DF9CFB8 /* Pods_Insta_X.framework */,
			);
			name = Frameworks;
			sourceTree = "<group>";
		};
		E8417EB525605952004C08DA /* extension */ = {
			isa = PBXGroup;
			children = (
				E8417EB625605963004C08DA /* UIView+.swift */,
				E8417EBA25605D23004C08DA /* UIViewController+.swift */,
			);
			path = extension;
			sourceTree = "<group>";
		};
		E84D5E0C255C5AA400423CBE /* SP */ = {
			isa = PBXGroup;
			children = (
				F7CFE723255971B300FCDD21 /* AuthSB.storyboard */,
			);
			path = SP;
			sourceTree = "<group>";
		};
		E84D5E0E255C5ABF00423CBE /* VC */ = {
			isa = PBXGroup;
			children = (
				E84D5E0F255C5AC700423CBE /* Auth */,
			);
			path = VC;
			sourceTree = "<group>";
		};
		E84D5E0F255C5AC700423CBE /* Auth */ = {
			isa = PBXGroup;
			children = (
				F748713B25595F3200599306 /* RegisterViewController.swift */,
				E84D5E10255C5AD900423CBE /* LoginViewController.swift */,
			);
			path = Auth;
			sourceTree = "<group>";
		};
		E8E068DD256982F700B449E2 /* Network */ = {
			isa = PBXGroup;
			children = (
				E8E068DE2569831900B449E2 /* Network.swift */,
			);
			path = Network;
			sourceTree = "<group>";
		};
		E8E649B025659A9B008BCC76 /* Model */ = {
			isa = PBXGroup;
			children = (
				E8E649B125659AAA008BCC76 /* CountriesModel.swift */,
			);
			path = Model;
			sourceTree = "<group>";
		};
		F748712B25595F3200599306 = {
			isa = PBXGroup;
			children = (
				F748713625595F3200599306 /* Insta-X */,
				F748714D25595F3200599306 /* Insta-XTests */,
				F748715825595F3200599306 /* Insta-XUITests */,
				F748713525595F3200599306 /* Products */,
				4D1AD656DC9DD7FFEC743C77 /* Pods */,
				B152D23F91BF2C6173185CB2 /* Frameworks */,
			);
			sourceTree = "<group>";
		};
		F748713525595F3200599306 /* Products */ = {
			isa = PBXGroup;
			children = (
				F748713425595F3200599306 /* Insta-X.app */,
			);
			name = Products;
			sourceTree = "<group>";
		};
		F748713625595F3200599306 /* Insta-X */ = {
			isa = PBXGroup;
			children = (
				E8E068DD256982F700B449E2 /* Network */,
				E8E649B025659A9B008BCC76 /* Model */,
				E8417EB525605952004C08DA /* extension */,
				E84D5E0E255C5ABF00423CBE /* VC */,
				E84D5E0C255C5AA400423CBE /* SP */,
				F748713725595F3200599306 /* AppDelegate.swift */,
				F75F6284255C41C200BD0727 /* EnterCode.swift */,
				F748714025595F3200599306 /* Assets.xcassets */,
				F748714225595F3200599306 /* LaunchScreen.storyboard */,
				F748714525595F3200599306 /* Info.plist */,
				F75F627A255C2E9200BD0727 /* GetCodeofAuth.swift */,
				E8E649AB2565992C008BCC76 /* Constants.swift */,
			);
			path = "Insta-X";
			sourceTree = "<group>";
		};
		F748714D25595F3200599306 /* Insta-XTests */ = {
			isa = PBXGroup;
			children = (
				F748714E25595F3200599306 /* Insta_XTests.swift */,
				F748715025595F3200599306 /* Info.plist */,
			);
			path = "Insta-XTests";
			sourceTree = "<group>";
		};
		F748715825595F3200599306 /* Insta-XUITests */ = {
			isa = PBXGroup;
			children = (
				F748715925595F3200599306 /* Insta_XUITests.swift */,
				F748715B25595F3200599306 /* Info.plist */,
			);
			path = "Insta-XUITests";
			sourceTree = "<group>";
		};
/* End PBXGroup section */

/* Begin PBXNativeTarget section */
		F748713325595F3200599306 /* Insta-X */ = {
			isa = PBXNativeTarget;
			buildConfigurationList = F748715E25595F3200599306 /* Build configuration list for PBXNativeTarget "Insta-X" */;
			buildPhases = (
				84F421D7F695DBC8D636072B /* [CP] Check Pods Manifest.lock */,
				F748713025595F3200599306 /* Sources */,
				F748713125595F3200599306 /* Frameworks */,
				F748713225595F3200599306 /* Resources */,
				1754E123018ACA98A99CB367 /* [CP] Embed Pods Frameworks */,
			);
			buildRules = (
			);
			dependencies = (
			);
			name = "Insta-X";
			productName = "Insta-X";
			productReference = F748713425595F3200599306 /* Insta-X.app */;
			productType = "com.apple.product-type.application";
		};
/* End PBXNativeTarget section */

/* Begin PBXProject section */
		F748712C25595F3200599306 /* Project object */ = {
			isa = PBXProject;
			attributes = {
				LastSwiftUpdateCheck = 1210;
				LastUpgradeCheck = 1210;
				TargetAttributes = {
					F748713325595F3200599306 = {
						CreatedOnToolsVersion = 12.1;
					};
				};
			};
			buildConfigurationList = F748712F25595F3200599306 /* Build configuration list for PBXProject "Insta-X" */;
			compatibilityVersion = "Xcode 9.3";
			developmentRegion = en;
			hasScannedForEncodings = 0;
			knownRegions = (
				en,
				Base,
			);
			mainGroup = F748712B25595F3200599306;
			productRefGroup = F748713525595F3200599306 /* Products */;
			projectDirPath = "";
			projectRoot = "";
			targets = (
				F748713325595F3200599306 /* Insta-X */,
			);
		};
/* End PBXProject section */

/* Begin PBXResourcesBuildPhase section */
		F748713225595F3200599306 /* Resources */ = {
			isa = PBXResourcesBuildPhase;
			buildActionMask = 2147483647;
			files = (
				F7CFE724255971B300FCDD21 /* AuthSB.storyboard in Resources */,
				F748714425595F3200599306 /* LaunchScreen.storyboard in Resources */,
				F748714125595F3200599306 /* Assets.xcassets in Resources */,
			);
			runOnlyForDeploymentPostprocessing = 0;
		};
/* End PBXResourcesBuildPhase section */

/* Begin PBXShellScriptBuildPhase section */
		1754E123018ACA98A99CB367 /* [CP] Embed Pods Frameworks */ = {
			isa = PBXShellScriptBuildPhase;
			buildActionMask = 2147483647;
			files = (
			);
			inputFileListPaths = (
				"${PODS_ROOT}/Target Support Files/Pods-Insta-X/Pods-Insta-X-frameworks-${CONFIGURATION}-input-files.xcfilelist",
			);
			name = "[CP] Embed Pods Frameworks";
			outputFileListPaths = (
				"${PODS_ROOT}/Target Support Files/Pods-Insta-X/Pods-Insta-X-frameworks-${CONFIGURATION}-output-files.xcfilelist",
			);
			runOnlyForDeploymentPostprocessing = 0;
			shellPath = /bin/sh;
			shellScript = "\"${PODS_ROOT}/Target Support Files/Pods-Insta-X/Pods-Insta-X-frameworks.sh\"\n";
			showEnvVarsInLog = 0;
		};
		84F421D7F695DBC8D636072B /* [CP] Check Pods Manifest.lock */ = {
			isa = PBXShellScriptBuildPhase;
			buildActionMask = 2147483647;
			files = (
			);
			inputFileListPaths = (
			);
			inputPaths = (
				"${PODS_PODFILE_DIR_PATH}/Podfile.lock",
				"${PODS_ROOT}/Manifest.lock",
			);
			name = "[CP] Check Pods Manifest.lock";
			outputFileListPaths = (
			);
			outputPaths = (
				"$(DERIVED_FILE_DIR)/Pods-Insta-X-checkManifestLockResult.txt",
			);
			runOnlyForDeploymentPostprocessing = 0;
			shellPath = /bin/sh;
			shellScript = "diff \"${PODS_PODFILE_DIR_PATH}/Podfile.lock\" \"${PODS_ROOT}/Manifest.lock\" > /dev/null\nif [ $? != 0 ] ; then\n    # print error to STDERR\n    echo \"error: The sandbox is not in sync with the Podfile.lock. Run 'pod install' or update your CocoaPods installation.\" >&2\n    exit 1\nfi\n# This output is used by Xcode 'outputs' to avoid re-running this script phase.\necho \"SUCCESS\" > \"${SCRIPT_OUTPUT_FILE_0}\"\n";
			showEnvVarsInLog = 0;
		};
/* End PBXShellScriptBuildPhase section */

/* Begin PBXSourcesBuildPhase section */
		F748713025595F3200599306 /* Sources */ = {
			isa = PBXSourcesBuildPhase;
			buildActionMask = 2147483647;
			files = (
				E8E068DF2569831900B449E2 /* Network.swift in Sources */,
				E8417EBB25605D23004C08DA /* UIViewController+.swift in Sources */,
				E8E649B225659AAA008BCC76 /* CountriesModel.swift in Sources */,
				E8417EB725605964004C08DA /* UIView+.swift in Sources */,
				E84D5E11255C5AD900423CBE /* LoginViewController.swift in Sources */,
				F75F627B255C2E9200BD0727 /* GetCodeofAuth.swift in Sources */,
				F748713C25595F3200599306 /* RegisterViewController.swift in Sources */,
				F75F6285255C41C200BD0727 /* EnterCode.swift in Sources */,
				F748713825595F3200599306 /* AppDelegate.swift in Sources */,
				E8E649AC2565992C008BCC76 /* Constants.swift in Sources */,
			);
			runOnlyForDeploymentPostprocessing = 0;
		};
/* End PBXSourcesBuildPhase section */

/* Begin PBXVariantGroup section */
		F748714225595F3200599306 /* LaunchScreen.storyboard */ = {
			isa = PBXVariantGroup;
			children = (
				F748714325595F3200599306 /* Base */,
			);
			name = LaunchScreen.storyboard;
			sourceTree = "<group>";
		};
/* End PBXVariantGroup section */

/* Begin XCBuildConfiguration section */
		F748715C25595F3200599306 /* Debug */ = {
			isa = XCBuildConfiguration;
			buildSettings = {
				ALWAYS_SEARCH_USER_PATHS = NO;
				CLANG_ANALYZER_NONNULL = YES;
				CLANG_ANALYZER_NUMBER_OBJECT_CONVERSION = YES_AGGRESSIVE;
				CLANG_CXX_LANGUAGE_STANDARD = "gnu++14";
				CLANG_CXX_LIBRARY = "libc++";
				CLANG_ENABLE_MODULES = YES;
				CLANG_ENABLE_OBJC_ARC = YES;
				CLANG_ENABLE_OBJC_WEAK = YES;
				CLANG_WARN_BLOCK_CAPTURE_AUTORELEASING = YES;
				CLANG_WARN_BOOL_CONVERSION = YES;
				CLANG_WARN_COMMA = YES;
				CLANG_WARN_CONSTANT_CONVERSION = YES;
				CLANG_WARN_DEPRECATED_OBJC_IMPLEMENTATIONS = YES;
				CLANG_WARN_DIRECT_OBJC_ISA_USAGE = YES_ERROR;
				CLANG_WARN_DOCUMENTATION_COMMENTS = YES;
				CLANG_WARN_EMPTY_BODY = YES;
				CLANG_WARN_ENUM_CONVERSION = YES;
				CLANG_WARN_INFINITE_RECURSION = YES;
				CLANG_WARN_INT_CONVERSION = YES;
				CLANG_WARN_NON_LITERAL_NULL_CONVERSION = YES;
				CLANG_WARN_OBJC_IMPLICIT_RETAIN_SELF = YES;
				CLANG_WARN_OBJC_LITERAL_CONVERSION = YES;
				CLANG_WARN_OBJC_ROOT_CLASS = YES_ERROR;
				CLANG_WARN_QUOTED_INCLUDE_IN_FRAMEWORK_HEADER = YES;
				CLANG_WARN_RANGE_LOOP_ANALYSIS = YES;
				CLANG_WARN_STRICT_PROTOTYPES = YES;
				CLANG_WARN_SUSPICIOUS_MOVE = YES;
				CLANG_WARN_UNGUARDED_AVAILABILITY = YES_AGGRESSIVE;
				CLANG_WARN_UNREACHABLE_CODE = YES;
				CLANG_WARN__DUPLICATE_METHOD_MATCH = YES;
				COPY_PHASE_STRIP = NO;
				DEBUG_INFORMATION_FORMAT = dwarf;
				ENABLE_STRICT_OBJC_MSGSEND = YES;
				ENABLE_TESTABILITY = YES;
				GCC_C_LANGUAGE_STANDARD = gnu11;
				GCC_DYNAMIC_NO_PIC = NO;
				GCC_NO_COMMON_BLOCKS = YES;
				GCC_OPTIMIZATION_LEVEL = 0;
				GCC_PREPROCESSOR_DEFINITIONS = (
					"DEBUG=1",
					"$(inherited)",
				);
				GCC_WARN_64_TO_32_BIT_CONVERSION = YES;
				GCC_WARN_ABOUT_RETURN_TYPE = YES_ERROR;
				GCC_WARN_UNDECLARED_SELECTOR = YES;
				GCC_WARN_UNINITIALIZED_AUTOS = YES_AGGRESSIVE;
				GCC_WARN_UNUSED_FUNCTION = YES;
				GCC_WARN_UNUSED_VARIABLE = YES;
				IPHONEOS_DEPLOYMENT_TARGET = 14.1;
				MTL_ENABLE_DEBUG_INFO = INCLUDE_SOURCE;
				MTL_FAST_MATH = YES;
				ONLY_ACTIVE_ARCH = YES;
				SDKROOT = iphoneos;
				SWIFT_ACTIVE_COMPILATION_CONDITIONS = DEBUG;
				SWIFT_OPTIMIZATION_LEVEL = "-Onone";
			};
			name = Debug;
		};
		F748715D25595F3200599306 /* Release */ = {
			isa = XCBuildConfiguration;
			buildSettings = {
				ALWAYS_SEARCH_USER_PATHS = NO;
				CLANG_ANALYZER_NONNULL = YES;
				CLANG_ANALYZER_NUMBER_OBJECT_CONVERSION = YES_AGGRESSIVE;
				CLANG_CXX_LANGUAGE_STANDARD = "gnu++14";
				CLANG_CXX_LIBRARY = "libc++";
				CLANG_ENABLE_MODULES = YES;
				CLANG_ENABLE_OBJC_ARC = YES;
				CLANG_ENABLE_OBJC_WEAK = YES;
				CLANG_WARN_BLOCK_CAPTURE_AUTORELEASING = YES;
				CLANG_WARN_BOOL_CONVERSION = YES;
				CLANG_WARN_COMMA = YES;
				CLANG_WARN_CONSTANT_CONVERSION = YES;
				CLANG_WARN_DEPRECATED_OBJC_IMPLEMENTATIONS = YES;
				CLANG_WARN_DIRECT_OBJC_ISA_USAGE = YES_ERROR;
				CLANG_WARN_DOCUMENTATION_COMMENTS = YES;
				CLANG_WARN_EMPTY_BODY = YES;
				CLANG_WARN_ENUM_CONVERSION = YES;
				CLANG_WARN_INFINITE_RECURSION = YES;
				CLANG_WARN_INT_CONVERSION = YES;
				CLANG_WARN_NON_LITERAL_NULL_CONVERSION = YES;
				CLANG_WARN_OBJC_IMPLICIT_RETAIN_SELF = YES;
				CLANG_WARN_OBJC_LITERAL_CONVERSION = YES;
				CLANG_WARN_OBJC_ROOT_CLASS = YES_ERROR;
				CLANG_WARN_QUOTED_INCLUDE_IN_FRAMEWORK_HEADER = YES;
				CLANG_WARN_RANGE_LOOP_ANALYSIS = YES;
				CLANG_WARN_STRICT_PROTOTYPES = YES;
				CLANG_WARN_SUSPICIOUS_MOVE = YES;
				CLANG_WARN_UNGUARDED_AVAILABILITY = YES_AGGRESSIVE;
				CLANG_WARN_UNREACHABLE_CODE = YES;
				CLANG_WARN__DUPLICATE_METHOD_MATCH = YES;
				COPY_PHASE_STRIP = NO;
				DEBUG_INFORMATION_FORMAT = "dwarf-with-dsym";
				ENABLE_NS_ASSERTIONS = NO;
				ENABLE_STRICT_OBJC_MSGSEND = YES;
				GCC_C_LANGUAGE_STANDARD = gnu11;
				GCC_NO_COMMON_BLOCKS = YES;
				GCC_WARN_64_TO_32_BIT_CONVERSION = YES;
				GCC_WARN_ABOUT_RETURN_TYPE = YES_ERROR;
				GCC_WARN_UNDECLARED_SELECTOR = YES;
				GCC_WARN_UNINITIALIZED_AUTOS = YES_AGGRESSIVE;
				GCC_WARN_UNUSED_FUNCTION = YES;
				GCC_WARN_UNUSED_VARIABLE = YES;
				IPHONEOS_DEPLOYMENT_TARGET = 14.1;
				MTL_ENABLE_DEBUG_INFO = NO;
				MTL_FAST_MATH = YES;
				SDKROOT = iphoneos;
				SWIFT_COMPILATION_MODE = wholemodule;
				SWIFT_OPTIMIZATION_LEVEL = "-O";
				VALIDATE_PRODUCT = YES;
			};
			name = Release;
		};
		F748715F25595F3200599306 /* Debug */ = {
			isa = XCBuildConfiguration;
			baseConfigurationReference = DC5DC3B9E6144C3E1164472D /* Pods-Insta-X.debug.xcconfig */;
			buildSettings = {
				ASSETCATALOG_COMPILER_APPICON_NAME = AppIcon;
				ASSETCATALOG_COMPILER_GLOBAL_ACCENT_COLOR_NAME = AccentColor;
				CODE_SIGN_STYLE = Automatic;
				DEVELOPMENT_TEAM = 6Z5X4XX28B;
				INFOPLIST_FILE = "Insta-X/Info.plist";
				LD_RUNPATH_SEARCH_PATHS = (
					"$(inherited)",
					"@executable_path/Frameworks",
				);
				PRODUCT_BUNDLE_IDENTIFIER = "com.youssefDawla.App-Design.Insta-XX";
				PRODUCT_NAME = "$(TARGET_NAME)";
				SWIFT_VERSION = 5.0;
				TARGETED_DEVICE_FAMILY = "1,2";
			};
			name = Debug;
		};
		F748716025595F3200599306 /* Release */ = {
			isa = XCBuildConfiguration;
			baseConfigurationReference = 669F03411B6DB32617760D05 /* Pods-Insta-X.release.xcconfig */;
			buildSettings = {
				ASSETCATALOG_COMPILER_APPICON_NAME = AppIcon;
				ASSETCATALOG_COMPILER_GLOBAL_ACCENT_COLOR_NAME = AccentColor;
				CODE_SIGN_STYLE = Automatic;
				DEVELOPMENT_TEAM = 6Z5X4XX28B;
				INFOPLIST_FILE = "Insta-X/Info.plist";
				LD_RUNPATH_SEARCH_PATHS = (
					"$(inherited)",
					"@executable_path/Frameworks",
				);
				PRODUCT_BUNDLE_IDENTIFIER = "com.youssefDawla.App-Design.Insta-XX";
				PRODUCT_NAME = "$(TARGET_NAME)";
				SWIFT_VERSION = 5.0;
				TARGETED_DEVICE_FAMILY = "1,2";
			};
			name = Release;
		};
/* End XCBuildConfiguration section */

/* Begin XCConfigurationList section */
		F748712F25595F3200599306 /* Build configuration list for PBXProject "Insta-X" */ = {
			isa = XCConfigurationList;
			buildConfigurations = (
				F748715C25595F3200599306 /* Debug */,
				F748715D25595F3200599306 /* Release */,
			);
			defaultConfigurationIsVisible = 0;
			defaultConfigurationName = Release;
		};
		F748715E25595F3200599306 /* Build configuration list for PBXNativeTarget "Insta-X" */ = {
			isa = XCConfigurationList;
			buildConfigurations = (
				F748715F25595F3200599306 /* Debug */,
				F748716025595F3200599306 /* Release */,
			);
			defaultConfigurationIsVisible = 0;
			defaultConfigurationName = Release;
		};
/* End XCConfigurationList section */
	};
	rootObject = F748712C25595F3200599306 /* Project object */;
}
